// !$*UTF8*$!
{
	archiveVersion = 1;
	classes = {
	};
	objectVersion = 46;
	objects = {

/* Begin PBXBuildFile section */
		09615CF01E5A26340058291E /* Cocoa.framework in Frameworks */ = {isa = PBXBuildFile; fileRef = 09615CEF1E5A26340058291E /* Cocoa.framework */; };
		09615CF51E5A26340058291E /* SourceEditorExtension.swift in Sources */ = {isa = PBXBuildFile; fileRef = 09615CF41E5A26340058291E /* SourceEditorExtension.swift */; };
		09615CF71E5A26340058291E /* SourceEditorCommand.swift in Sources */ = {isa = PBXBuildFile; fileRef = 09615CF61E5A26340058291E /* SourceEditorCommand.swift */; };
		09615D161E5A27300058291E /* main.swift in Sources */ = {isa = PBXBuildFile; fileRef = 09615D151E5A27300058291E /* main.swift */; };
		09615D181E5A273E0058291E /* SourceKittenEditorExtensionService.swift in Sources */ = {isa = PBXBuildFile; fileRef = 09615D171E5A273E0058291E /* SourceKittenEditorExtensionService.swift */; };
		09615D1A1E5A27490058291E /* SourceKittenEditorExtensionServiceProtocol.swift in Sources */ = {isa = PBXBuildFile; fileRef = 09615D191E5A27490058291E /* SourceKittenEditorExtensionServiceProtocol.swift */; };
		09615D1C1E5A274D0058291E /* SourceKittenEditorExtensionServiceProtocol.swift in Sources */ = {isa = PBXBuildFile; fileRef = 09615D191E5A27490058291E /* SourceKittenEditorExtensionServiceProtocol.swift */; };
		09615D2B1E5A28920058291E /* SourceKittenFramework.framework in Frameworks */ = {isa = PBXBuildFile; fileRef = 09615D211E5A28800058291E /* SourceKittenFramework.framework */; };
		09615D2C1E5A28920058291E /* SWXMLHash.framework in Frameworks */ = {isa = PBXBuildFile; fileRef = 09615D221E5A28800058291E /* SWXMLHash.framework */; };
		09615D2D1E5A28920058291E /* Yams.framework in Frameworks */ = {isa = PBXBuildFile; fileRef = 09615D231E5A28800058291E /* Yams.framework */; };
		09615D351E5A2A680058291E /* AppDelegate.swift in Sources */ = {isa = PBXBuildFile; fileRef = 09615D341E5A2A680058291E /* AppDelegate.swift */; };
		09615D371E5A2A680058291E /* Assets.xcassets in Resources */ = {isa = PBXBuildFile; fileRef = 09615D361E5A2A680058291E /* Assets.xcassets */; };
		09615D3A1E5A2A680058291E /* MainMenu.xib in Resources */ = {isa = PBXBuildFile; fileRef = 09615D381E5A2A680058291E /* MainMenu.xib */; };
		09615D3F1E5A2AAA0058291E /* SourceKittenEditorExtensionServiceProtocol.swift in Sources */ = {isa = PBXBuildFile; fileRef = 09615D191E5A27490058291E /* SourceKittenEditorExtensionServiceProtocol.swift */; };
		09615D441E5A2ADB0058291E /* SourceKittenFramework.framework in Frameworks */ = {isa = PBXBuildFile; fileRef = 09615D211E5A28800058291E /* SourceKittenFramework.framework */; };
		09615D451E5A2ADB0058291E /* SourceKittenFramework.framework in Embed Frameworks */ = {isa = PBXBuildFile; fileRef = 09615D211E5A28800058291E /* SourceKittenFramework.framework */; settings = {ATTRIBUTES = (CodeSignOnCopy, RemoveHeadersOnCopy, ); }; };
		09615D461E5A2ADC0058291E /* SWXMLHash.framework in Frameworks */ = {isa = PBXBuildFile; fileRef = 09615D221E5A28800058291E /* SWXMLHash.framework */; };
		09615D471E5A2ADC0058291E /* SWXMLHash.framework in Embed Frameworks */ = {isa = PBXBuildFile; fileRef = 09615D221E5A28800058291E /* SWXMLHash.framework */; settings = {ATTRIBUTES = (CodeSignOnCopy, RemoveHeadersOnCopy, ); }; };
		09615D481E5A2ADC0058291E /* Yams.framework in Frameworks */ = {isa = PBXBuildFile; fileRef = 09615D231E5A28800058291E /* Yams.framework */; };
		09615D491E5A2ADC0058291E /* Yams.framework in Embed Frameworks */ = {isa = PBXBuildFile; fileRef = 09615D231E5A28800058291E /* Yams.framework */; settings = {ATTRIBUTES = (CodeSignOnCopy, RemoveHeadersOnCopy, ); }; };
		09615D4F1E5A2B8C0058291E /* SourceKittenEditorExtension.appex in Embed App Extensions */ = {isa = PBXBuildFile; fileRef = 09615CED1E5A26340058291E /* SourceKittenEditorExtension.appex */; settings = {ATTRIBUTES = (RemoveHeadersOnCopy, ); }; };
		09615D551E5A2BA60058291E /* SourceKittenEditorExtensionService.xpc in CopyFiles */ = {isa = PBXBuildFile; fileRef = 09615D041E5A26D90058291E /* SourceKittenEditorExtensionService.xpc */; settings = {ATTRIBUTES = (RemoveHeadersOnCopy, ); }; };
/* End PBXBuildFile section */

/* Begin PBXContainerItemProxy section */
		09615D1F1E5A27DC0058291E /* PBXContainerItemProxy */ = {
			isa = PBXContainerItemProxy;
			containerPortal = 09615CD11E5A25CB0058291E /* Project object */;
			proxyType = 1;
			remoteGlobalIDString = 09615D031E5A26D90058291E;
			remoteInfo = SourceKittenEditorExtensionService;
		};
		09615D501E5A2B8C0058291E /* PBXContainerItemProxy */ = {
			isa = PBXContainerItemProxy;
			containerPortal = 09615CD11E5A25CB0058291E /* Project object */;
			proxyType = 1;
			remoteGlobalIDString = 09615CEC1E5A26340058291E;
			remoteInfo = SourceKittenEditorExtension;
		};
/* End PBXContainerItemProxy section */

/* Begin PBXCopyFilesBuildPhase section */
		09615D4A1E5A2ADD0058291E /* Embed Frameworks */ = {
			isa = PBXCopyFilesBuildPhase;
			buildActionMask = 2147483647;
			dstPath = "";
			dstSubfolderSpec = 10;
			files = (
				09615D491E5A2ADC0058291E /* Yams.framework in Embed Frameworks */,
				09615D471E5A2ADC0058291E /* SWXMLHash.framework in Embed Frameworks */,
				09615D451E5A2ADB0058291E /* SourceKittenFramework.framework in Embed Frameworks */,
			);
			name = "Embed Frameworks";
			runOnlyForDeploymentPostprocessing = 0;
		};
		09615D521E5A2B8D0058291E /* Embed App Extensions */ = {
			isa = PBXCopyFilesBuildPhase;
			buildActionMask = 2147483647;
			dstPath = "";
			dstSubfolderSpec = 13;
			files = (
				09615D4F1E5A2B8C0058291E /* SourceKittenEditorExtension.appex in Embed App Extensions */,
			);
			name = "Embed App Extensions";
			runOnlyForDeploymentPostprocessing = 0;
		};
		09615D541E5A2B9E0058291E /* CopyFiles */ = {
			isa = PBXCopyFilesBuildPhase;
			buildActionMask = 2147483647;
			dstPath = "$(CONTENTS_FOLDER_PATH)/XPCServices";
			dstSubfolderSpec = 16;
			files = (
				09615D551E5A2BA60058291E /* SourceKittenEditorExtensionService.xpc in CopyFiles */,
			);
			runOnlyForDeploymentPostprocessing = 0;
		};
/* End PBXCopyFilesBuildPhase section */

/* Begin PBXFileReference section */
		09615CED1E5A26340058291E /* SourceKittenEditorExtension.appex */ = {isa = PBXFileReference; explicitFileType = "wrapper.app-extension"; includeInIndex = 0; path = SourceKittenEditorExtension.appex; sourceTree = BUILT_PRODUCTS_DIR; };
		09615CEF1E5A26340058291E /* Cocoa.framework */ = {isa = PBXFileReference; lastKnownFileType = wrapper.framework; name = Cocoa.framework; path = System/Library/Frameworks/Cocoa.framework; sourceTree = SDKROOT; };
		09615CF31E5A26340058291E /* SourceKittenEditorExtension.entitlements */ = {isa = PBXFileReference; lastKnownFileType = text.plist.entitlements; path = SourceKittenEditorExtension.entitlements; sourceTree = "<group>"; };
		09615CF41E5A26340058291E /* SourceEditorExtension.swift */ = {isa = PBXFileReference; lastKnownFileType = sourcecode.swift; path = SourceEditorExtension.swift; sourceTree = "<group>"; };
		09615CF61E5A26340058291E /* SourceEditorCommand.swift */ = {isa = PBXFileReference; lastKnownFileType = sourcecode.swift; path = SourceEditorCommand.swift; sourceTree = "<group>"; };
		09615CF81E5A26340058291E /* Info.plist */ = {isa = PBXFileReference; lastKnownFileType = text.plist.xml; path = Info.plist; sourceTree = "<group>"; };
		09615D041E5A26D90058291E /* SourceKittenEditorExtensionService.xpc */ = {isa = PBXFileReference; explicitFileType = "wrapper.xpc-service"; includeInIndex = 0; path = SourceKittenEditorExtensionService.xpc; sourceTree = BUILT_PRODUCTS_DIR; };
		09615D0C1E5A26D90058291E /* Info.plist */ = {isa = PBXFileReference; lastKnownFileType = text.plist.xml; path = Info.plist; sourceTree = "<group>"; };
		09615D151E5A27300058291E /* main.swift */ = {isa = PBXFileReference; fileEncoding = 4; lastKnownFileType = sourcecode.swift; path = main.swift; sourceTree = "<group>"; };
		09615D171E5A273E0058291E /* SourceKittenEditorExtensionService.swift */ = {isa = PBXFileReference; fileEncoding = 4; lastKnownFileType = sourcecode.swift; path = SourceKittenEditorExtensionService.swift; sourceTree = "<group>"; };
		09615D191E5A27490058291E /* SourceKittenEditorExtensionServiceProtocol.swift */ = {isa = PBXFileReference; fileEncoding = 4; lastKnownFileType = sourcecode.swift; path = SourceKittenEditorExtensionServiceProtocol.swift; sourceTree = "<group>"; };
		09615D211E5A28800058291E /* SourceKittenFramework.framework */ = {isa = PBXFileReference; lastKnownFileType = wrapper.framework; name = SourceKittenFramework.framework; path = Carthage/Build/Mac/SourceKittenFramework.framework; sourceTree = "<group>"; };
		09615D221E5A28800058291E /* SWXMLHash.framework */ = {isa = PBXFileReference; lastKnownFileType = wrapper.framework; name = SWXMLHash.framework; path = Carthage/Build/Mac/SWXMLHash.framework; sourceTree = "<group>"; };
		09615D231E5A28800058291E /* Yams.framework */ = {isa = PBXFileReference; lastKnownFileType = wrapper.framework; name = Yams.framework; path = Carthage/Build/Mac/Yams.framework; sourceTree = "<group>"; };
		09615D321E5A2A670058291E /* SourceKittenEditorExtensionApp.app */ = {isa = PBXFileReference; explicitFileType = wrapper.application; includeInIndex = 0; path = SourceKittenEditorExtensionApp.app; sourceTree = BUILT_PRODUCTS_DIR; };
		09615D341E5A2A680058291E /* AppDelegate.swift */ = {isa = PBXFileReference; lastKnownFileType = sourcecode.swift; path = AppDelegate.swift; sourceTree = "<group>"; };
		09615D361E5A2A680058291E /* Assets.xcassets */ = {isa = PBXFileReference; lastKnownFileType = folder.assetcatalog; path = Assets.xcassets; sourceTree = "<group>"; };
		09615D391E5A2A680058291E /* Base */ = {isa = PBXFileReference; lastKnownFileType = file.xib; name = Base; path = Base.lproj/MainMenu.xib; sourceTree = "<group>"; };
		09615D3B1E5A2A680058291E /* Info.plist */ = {isa = PBXFileReference; lastKnownFileType = text.plist.xml; path = Info.plist; sourceTree = "<group>"; };
		09615D561E5A2BB30058291E /* SourceKittenEditorExtensionApp.entitlements */ = {isa = PBXFileReference; lastKnownFileType = text.plist.entitlements; path = SourceKittenEditorExtensionApp.entitlements; sourceTree = "<group>"; };
/* End PBXFileReference section */

/* Begin PBXFrameworksBuildPhase section */
		09615CEA1E5A26340058291E /* Frameworks */ = {
			isa = PBXFrameworksBuildPhase;
			buildActionMask = 2147483647;
			files = (
				09615CF01E5A26340058291E /* Cocoa.framework in Frameworks */,
			);
			runOnlyForDeploymentPostprocessing = 0;
		};
		09615D011E5A26D90058291E /* Frameworks */ = {
			isa = PBXFrameworksBuildPhase;
			buildActionMask = 2147483647;
			files = (
				09615D2B1E5A28920058291E /* SourceKittenFramework.framework in Frameworks */,
				09615D2C1E5A28920058291E /* SWXMLHash.framework in Frameworks */,
				09615D2D1E5A28920058291E /* Yams.framework in Frameworks */,
			);
			runOnlyForDeploymentPostprocessing = 0;
		};
		09615D2F1E5A2A670058291E /* Frameworks */ = {
			isa = PBXFrameworksBuildPhase;
			buildActionMask = 2147483647;
			files = (
				09615D481E5A2ADC0058291E /* Yams.framework in Frameworks */,
				09615D461E5A2ADC0058291E /* SWXMLHash.framework in Frameworks */,
				09615D441E5A2ADB0058291E /* SourceKittenFramework.framework in Frameworks */,
			);
			runOnlyForDeploymentPostprocessing = 0;
		};
/* End PBXFrameworksBuildPhase section */

/* Begin PBXGroup section */
		09615CD01E5A25CB0058291E = {
			isa = PBXGroup;
			children = (
				09615D331E5A2A680058291E /* SourceKittenEditorExtensionApp */,
				09615D051E5A26D90058291E /* SourceKittenEditorExtensionService */,
				09615CF11E5A26340058291E /* SourceKittenEditorExtension */,
				09615CEE1E5A26340058291E /* Frameworks */,
				09615CDA1E5A25CB0058291E /* Products */,
			);
			sourceTree = "<group>";
		};
		09615CDA1E5A25CB0058291E /* Products */ = {
			isa = PBXGroup;
			children = (
				09615CED1E5A26340058291E /* SourceKittenEditorExtension.appex */,
				09615D041E5A26D90058291E /* SourceKittenEditorExtensionService.xpc */,
				09615D321E5A2A670058291E /* SourceKittenEditorExtensionApp.app */,
			);
			name = Products;
			sourceTree = "<group>";
		};
		09615CEE1E5A26340058291E /* Frameworks */ = {
			isa = PBXGroup;
			children = (
				09615D211E5A28800058291E /* SourceKittenFramework.framework */,
				09615D221E5A28800058291E /* SWXMLHash.framework */,
				09615D231E5A28800058291E /* Yams.framework */,
				09615CEF1E5A26340058291E /* Cocoa.framework */,
			);
			name = Frameworks;
			sourceTree = "<group>";
		};
		09615CF11E5A26340058291E /* SourceKittenEditorExtension */ = {
			isa = PBXGroup;
			children = (
				09615CF41E5A26340058291E /* SourceEditorExtension.swift */,
				09615CF61E5A26340058291E /* SourceEditorCommand.swift */,
				09615CF81E5A26340058291E /* Info.plist */,
				09615CF21E5A26340058291E /* Supporting Files */,
			);
			path = SourceKittenEditorExtension;
			sourceTree = "<group>";
		};
		09615CF21E5A26340058291E /* Supporting Files */ = {
			isa = PBXGroup;
			children = (
				09615CF31E5A26340058291E /* SourceKittenEditorExtension.entitlements */,
			);
			name = "Supporting Files";
			sourceTree = "<group>";
		};
		09615D051E5A26D90058291E /* SourceKittenEditorExtensionService */ = {
			isa = PBXGroup;
			children = (
				09615D0C1E5A26D90058291E /* Info.plist */,
				09615D151E5A27300058291E /* main.swift */,
				09615D171E5A273E0058291E /* SourceKittenEditorExtensionService.swift */,
				09615D191E5A27490058291E /* SourceKittenEditorExtensionServiceProtocol.swift */,
			);
			path = SourceKittenEditorExtensionService;
			sourceTree = "<group>";
		};
		09615D331E5A2A680058291E /* SourceKittenEditorExtensionApp */ = {
			isa = PBXGroup;
			children = (
				09615D561E5A2BB30058291E /* SourceKittenEditorExtensionApp.entitlements */,
				09615D341E5A2A680058291E /* AppDelegate.swift */,
				09615D361E5A2A680058291E /* Assets.xcassets */,
				09615D381E5A2A680058291E /* MainMenu.xib */,
				09615D3B1E5A2A680058291E /* Info.plist */,
			);
			path = SourceKittenEditorExtensionApp;
			sourceTree = "<group>";
		};
/* End PBXGroup section */

/* Begin PBXNativeTarget section */
		09615CEC1E5A26340058291E /* SourceKittenEditorExtension */ = {
			isa = PBXNativeTarget;
			buildConfigurationList = 09615CFC1E5A26350058291E /* Build configuration list for PBXNativeTarget "SourceKittenEditorExtension" */;
			buildPhases = (
				09615CE91E5A26340058291E /* Sources */,
				09615CEA1E5A26340058291E /* Frameworks */,
				09615CEB1E5A26340058291E /* Resources */,
				09615D541E5A2B9E0058291E /* CopyFiles */,
			);
			buildRules = (
			);
			dependencies = (
				09615D201E5A27DC0058291E /* PBXTargetDependency */,
			);
			name = SourceKittenEditorExtension;
			productName = SourceKittenEditorExtension;
			productReference = 09615CED1E5A26340058291E /* SourceKittenEditorExtension.appex */;
			productType = "com.apple.product-type.xcode-extension";
		};
		09615D031E5A26D90058291E /* SourceKittenEditorExtensionService */ = {
			isa = PBXNativeTarget;
			buildConfigurationList = 09615D101E5A26D90058291E /* Build configuration list for PBXNativeTarget "SourceKittenEditorExtensionService" */;
			buildPhases = (
				09615D001E5A26D90058291E /* Sources */,
				09615D011E5A26D90058291E /* Frameworks */,
				09615D021E5A26D90058291E /* Resources */,
			);
			buildRules = (
			);
			dependencies = (
			);
			name = SourceKittenEditorExtensionService;
			productName = SourceKittenEditorExtensionService;
			productReference = 09615D041E5A26D90058291E /* SourceKittenEditorExtensionService.xpc */;
			productType = "com.apple.product-type.xpc-service";
		};
		09615D311E5A2A670058291E /* SourceKittenEditorExtensionApp */ = {
			isa = PBXNativeTarget;
			buildConfigurationList = 09615D3C1E5A2A680058291E /* Build configuration list for PBXNativeTarget "SourceKittenEditorExtensionApp" */;
			buildPhases = (
				09615D2E1E5A2A670058291E /* Sources */,
				09615D2F1E5A2A670058291E /* Frameworks */,
				09615D301E5A2A670058291E /* Resources */,
				09615D4A1E5A2ADD0058291E /* Embed Frameworks */,
				09615D521E5A2B8D0058291E /* Embed App Extensions */,
			);
			buildRules = (
			);
			dependencies = (
				09615D511E5A2B8C0058291E /* PBXTargetDependency */,
			);
			name = SourceKittenEditorExtensionApp;
			productName = SourceKittenEditorExtensionApp;
			productReference = 09615D321E5A2A670058291E /* SourceKittenEditorExtensionApp.app */;
			productType = "com.apple.product-type.application";
		};
/* End PBXNativeTarget section */

/* Begin PBXProject section */
		09615CD11E5A25CB0058291E /* Project object */ = {
			isa = PBXProject;
			attributes = {
				LastSwiftUpdateCheck = 0820;
				LastUpgradeCheck = 0820;
				ORGANIZATIONNAME = "Ilya Puchka";
				TargetAttributes = {
					09615CEC1E5A26340058291E = {
						CreatedOnToolsVersion = 8.2.1;
						DevelopmentTeam = 4LTD6LARKC;
						ProvisioningStyle = Automatic;
					};
					09615D031E5A26D90058291E = {
						CreatedOnToolsVersion = 8.2.1;
						DevelopmentTeam = 4LTD6LARKC;
						LastSwiftMigration = 0820;
						ProvisioningStyle = Automatic;
					};
					09615D311E5A2A670058291E = {
						CreatedOnToolsVersion = 8.2.1;
						DevelopmentTeam = 4LTD6LARKC;
						ProvisioningStyle = Automatic;
						SystemCapabilities = {
							com.apple.Sandbox = {
								enabled = 1;
							};
						};
					};
				};
			};
			buildConfigurationList = 09615CD41E5A25CB0058291E /* Build configuration list for PBXProject "SourceKittenEditorExtension" */;
			compatibilityVersion = "Xcode 3.2";
			developmentRegion = English;
			hasScannedForEncodings = 0;
			knownRegions = (
				en,
				Base,
			);
			mainGroup = 09615CD01E5A25CB0058291E;
			productRefGroup = 09615CDA1E5A25CB0058291E /* Products */;
			projectDirPath = "";
			projectRoot = "";
			targets = (
				09615D311E5A2A670058291E /* SourceKittenEditorExtensionApp */,
				09615CEC1E5A26340058291E /* SourceKittenEditorExtension */,
				09615D031E5A26D90058291E /* SourceKittenEditorExtensionService */,
			);
		};
/* End PBXProject section */

/* Begin PBXResourcesBuildPhase section */
		09615CEB1E5A26340058291E /* Resources */ = {
			isa = PBXResourcesBuildPhase;
			buildActionMask = 2147483647;
			files = (
			);
			runOnlyForDeploymentPostprocessing = 0;
		};
		09615D021E5A26D90058291E /* Resources */ = {
			isa = PBXResourcesBuildPhase;
			buildActionMask = 2147483647;
			files = (
			);
			runOnlyForDeploymentPostprocessing = 0;
		};
		09615D301E5A2A670058291E /* Resources */ = {
			isa = PBXResourcesBuildPhase;
			buildActionMask = 2147483647;
			files = (
				09615D371E5A2A680058291E /* Assets.xcassets in Resources */,
				09615D3A1E5A2A680058291E /* MainMenu.xib in Resources */,
			);
			runOnlyForDeploymentPostprocessing = 0;
		};
/* End PBXResourcesBuildPhase section */

/* Begin PBXSourcesBuildPhase section */
		09615CE91E5A26340058291E /* Sources */ = {
			isa = PBXSourcesBuildPhase;
			buildActionMask = 2147483647;
			files = (
				09615CF51E5A26340058291E /* SourceEditorExtension.swift in Sources */,
				09615CF71E5A26340058291E /* SourceEditorCommand.swift in Sources */,
				09615D1C1E5A274D0058291E /* SourceKittenEditorExtensionServiceProtocol.swift in Sources */,
			);
			runOnlyForDeploymentPostprocessing = 0;
		};
		09615D001E5A26D90058291E /* Sources */ = {
			isa = PBXSourcesBuildPhase;
			buildActionMask = 2147483647;
			files = (
				09615D181E5A273E0058291E /* SourceKittenEditorExtensionService.swift in Sources */,
				09615D161E5A27300058291E /* main.swift in Sources */,
				09615D1A1E5A27490058291E /* SourceKittenEditorExtensionServiceProtocol.swift in Sources */,
			);
			runOnlyForDeploymentPostprocessing = 0;
		};
		09615D2E1E5A2A670058291E /* Sources */ = {
			isa = PBXSourcesBuildPhase;
			buildActionMask = 2147483647;
			files = (
				09615D3F1E5A2AAA0058291E /* SourceKittenEditorExtensionServiceProtocol.swift in Sources */,
				09615D351E5A2A680058291E /* AppDelegate.swift in Sources */,
			);
			runOnlyForDeploymentPostprocessing = 0;
		};
/* End PBXSourcesBuildPhase section */

/* Begin PBXTargetDependency section */
		09615D201E5A27DC0058291E /* PBXTargetDependency */ = {
			isa = PBXTargetDependency;
			target = 09615D031E5A26D90058291E /* SourceKittenEditorExtensionService */;
			targetProxy = 09615D1F1E5A27DC0058291E /* PBXContainerItemProxy */;
		};
		09615D511E5A2B8C0058291E /* PBXTargetDependency */ = {
			isa = PBXTargetDependency;
			target = 09615CEC1E5A26340058291E /* SourceKittenEditorExtension */;
			targetProxy = 09615D501E5A2B8C0058291E /* PBXContainerItemProxy */;
		};
/* End PBXTargetDependency section */

/* Begin PBXVariantGroup section */
		09615D381E5A2A680058291E /* MainMenu.xib */ = {
			isa = PBXVariantGroup;
			children = (
				09615D391E5A2A680058291E /* Base */,
			);
			name = MainMenu.xib;
			sourceTree = "<group>";
		};
/* End PBXVariantGroup section */

/* Begin XCBuildConfiguration section */
		09615CE41E5A25CC0058291E /* Debug */ = {
			isa = XCBuildConfiguration;
			buildSettings = {
				ALWAYS_SEARCH_USER_PATHS = NO;
				CLANG_ANALYZER_NONNULL = YES;
				CLANG_CXX_LANGUAGE_STANDARD = "gnu++0x";
				CLANG_CXX_LIBRARY = "libc++";
				CLANG_ENABLE_MODULES = YES;
				CLANG_ENABLE_OBJC_ARC = YES;
				CLANG_WARN_BOOL_CONVERSION = YES;
				CLANG_WARN_CONSTANT_CONVERSION = YES;
				CLANG_WARN_DIRECT_OBJC_ISA_USAGE = YES_ERROR;
				CLANG_WARN_DOCUMENTATION_COMMENTS = YES;
				CLANG_WARN_EMPTY_BODY = YES;
				CLANG_WARN_ENUM_CONVERSION = YES;
				CLANG_WARN_INFINITE_RECURSION = YES;
				CLANG_WARN_INT_CONVERSION = YES;
				CLANG_WARN_OBJC_ROOT_CLASS = YES_ERROR;
				CLANG_WARN_SUSPICIOUS_MOVE = YES;
				CLANG_WARN_UNREACHABLE_CODE = YES;
				CLANG_WARN__DUPLICATE_METHOD_MATCH = YES;
				CODE_SIGN_IDENTITY = "-";
				COPY_PHASE_STRIP = NO;
				DEBUG_INFORMATION_FORMAT = dwarf;
				ENABLE_STRICT_OBJC_MSGSEND = YES;
				ENABLE_TESTABILITY = YES;
				GCC_C_LANGUAGE_STANDARD = gnu99;
				GCC_DYNAMIC_NO_PIC = NO;
				GCC_NO_COMMON_BLOCKS = YES;
				GCC_OPTIMIZATION_LEVEL = 0;
				GCC_PREPROCESSOR_DEFINITIONS = (
					"DEBUG=1",
					"$(inherited)",
				);
				GCC_WARN_64_TO_32_BIT_CONVERSION = YES;
				GCC_WARN_ABOUT_RETURN_TYPE = YES_ERROR;
				GCC_WARN_UNDECLARED_SELECTOR = YES;
				GCC_WARN_UNINITIALIZED_AUTOS = YES_AGGRESSIVE;
				GCC_WARN_UNUSED_FUNCTION = YES;
				GCC_WARN_UNUSED_VARIABLE = YES;
				MACOSX_DEPLOYMENT_TARGET = 10.12;
				MTL_ENABLE_DEBUG_INFO = YES;
				ONLY_ACTIVE_ARCH = YES;
				SDKROOT = macosx;
				SWIFT_ACTIVE_COMPILATION_CONDITIONS = DEBUG;
				SWIFT_OPTIMIZATION_LEVEL = "-Onone";
			};
			name = Debug;
		};
		09615CE51E5A25CC0058291E /* Release */ = {
			isa = XCBuildConfiguration;
			buildSettings = {
				ALWAYS_SEARCH_USER_PATHS = NO;
				CLANG_ANALYZER_NONNULL = YES;
				CLANG_CXX_LANGUAGE_STANDARD = "gnu++0x";
				CLANG_CXX_LIBRARY = "libc++";
				CLANG_ENABLE_MODULES = YES;
				CLANG_ENABLE_OBJC_ARC = YES;
				CLANG_WARN_BOOL_CONVERSION = YES;
				CLANG_WARN_CONSTANT_CONVERSION = YES;
				CLANG_WARN_DIRECT_OBJC_ISA_USAGE = YES_ERROR;
				CLANG_WARN_DOCUMENTATION_COMMENTS = YES;
				CLANG_WARN_EMPTY_BODY = YES;
				CLANG_WARN_ENUM_CONVERSION = YES;
				CLANG_WARN_INFINITE_RECURSION = YES;
				CLANG_WARN_INT_CONVERSION = YES;
				CLANG_WARN_OBJC_ROOT_CLASS = YES_ERROR;
				CLANG_WARN_SUSPICIOUS_MOVE = YES;
				CLANG_WARN_UNREACHABLE_CODE = YES;
				CLANG_WARN__DUPLICATE_METHOD_MATCH = YES;
				CODE_SIGN_IDENTITY = "-";
				COPY_PHASE_STRIP = NO;
				DEBUG_INFORMATION_FORMAT = "dwarf-with-dsym";
				ENABLE_NS_ASSERTIONS = NO;
				ENABLE_STRICT_OBJC_MSGSEND = YES;
				GCC_C_LANGUAGE_STANDARD = gnu99;
				GCC_NO_COMMON_BLOCKS = YES;
				GCC_WARN_64_TO_32_BIT_CONVERSION = YES;
				GCC_WARN_ABOUT_RETURN_TYPE = YES_ERROR;
				GCC_WARN_UNDECLARED_SELECTOR = YES;
				GCC_WARN_UNINITIALIZED_AUTOS = YES_AGGRESSIVE;
				GCC_WARN_UNUSED_FUNCTION = YES;
				GCC_WARN_UNUSED_VARIABLE = YES;
				MACOSX_DEPLOYMENT_TARGET = 10.12;
				MTL_ENABLE_DEBUG_INFO = NO;
				SDKROOT = macosx;
				SWIFT_OPTIMIZATION_LEVEL = "-Owholemodule";
			};
			name = Release;
		};
		09615CFD1E5A26350058291E /* Debug */ = {
			isa = XCBuildConfiguration;
			buildSettings = {
				CODE_SIGN_ENTITLEMENTS = SourceKittenEditorExtension/SourceKittenEditorExtension.entitlements;
				CODE_SIGN_IDENTITY = "Mac Developer";
				COMBINE_HIDPI_IMAGES = YES;
				DEVELOPMENT_TEAM = 4LTD6LARKC;
				INFOPLIST_FILE = SourceKittenEditorExtension/Info.plist;
				LD_RUNPATH_SEARCH_PATHS = "$(inherited) @executable_path/../Frameworks @executable_path/../../../../Frameworks";
				MACOSX_DEPLOYMENT_TARGET = 10.11;
				PRODUCT_BUNDLE_IDENTIFIER = ilya.puchka.SourceKittenEditorExtensionApp.SourceKittenEditorExtension;
				PRODUCT_NAME = "$(TARGET_NAME)";
				SKIP_INSTALL = YES;
				SWIFT_VERSION = 3.0;
			};
			name = Debug;
		};
		09615CFE1E5A26350058291E /* Release */ = {
			isa = XCBuildConfiguration;
			buildSettings = {
				CODE_SIGN_ENTITLEMENTS = SourceKittenEditorExtension/SourceKittenEditorExtension.entitlements;
				CODE_SIGN_IDENTITY = "Mac Developer";
				COMBINE_HIDPI_IMAGES = YES;
				DEVELOPMENT_TEAM = 4LTD6LARKC;
				INFOPLIST_FILE = SourceKittenEditorExtension/Info.plist;
				LD_RUNPATH_SEARCH_PATHS = "$(inherited) @executable_path/../Frameworks @executable_path/../../../../Frameworks";
				MACOSX_DEPLOYMENT_TARGET = 10.11;
				PRODUCT_BUNDLE_IDENTIFIER = ilya.puchka.SourceKittenEditorExtensionApp.SourceKittenEditorExtension;
				PRODUCT_NAME = "$(TARGET_NAME)";
				SKIP_INSTALL = YES;
				SWIFT_VERSION = 3.0;
			};
			name = Release;
		};
		09615D111E5A26D90058291E /* Debug */ = {
			isa = XCBuildConfiguration;
			buildSettings = {
				CLANG_ENABLE_MODULES = YES;
				CODE_SIGN_IDENTITY = "Mac Developer";
				COMBINE_HIDPI_IMAGES = YES;
				DEVELOPMENT_TEAM = 4LTD6LARKC;
				FRAMEWORK_SEARCH_PATHS = (
					"$(inherited)",
					"$(PROJECT_DIR)/Carthage/Build/Mac",
				);
				INFOPLIST_FILE = SourceKittenEditorExtensionService/Info.plist;
				LD_RUNPATH_SEARCH_PATHS = "$(inherited) @executable_path/../Frameworks @loader_path/../Frameworks @executable_path/../../../../../../../Frameworks @executable_path/../../../../Frameworks";
				PRODUCT_BUNDLE_IDENTIFIER = ilya.puchka.SourceKittenEditorExtensionService;
				PRODUCT_NAME = "$(TARGET_NAME)";
				SKIP_INSTALL = YES;
				SWIFT_OPTIMIZATION_LEVEL = "-Onone";
				SWIFT_VERSION = 3.0;
			};
			name = Debug;
		};
		09615D121E5A26D90058291E /* Release */ = {
			isa = XCBuildConfiguration;
			buildSettings = {
				CLANG_ENABLE_MODULES = YES;
				CODE_SIGN_IDENTITY = "Mac Developer";
				COMBINE_HIDPI_IMAGES = YES;
				DEVELOPMENT_TEAM = 4LTD6LARKC;
				FRAMEWORK_SEARCH_PATHS = (
					"$(inherited)",
					"$(PROJECT_DIR)/Carthage/Build/Mac",
				);
				INFOPLIST_FILE = SourceKittenEditorExtensionService/Info.plist;
				LD_RUNPATH_SEARCH_PATHS = "$(inherited) @executable_path/../Frameworks @loader_path/../Frameworks @executable_path/../../../../../../../Frameworks @executable_path/../../../../Frameworks";
				PRODUCT_BUNDLE_IDENTIFIER = ilya.puchka.SourceKittenEditorExtensionService;
				PRODUCT_NAME = "$(TARGET_NAME)";
				SKIP_INSTALL = YES;
				SWIFT_VERSION = 3.0;
			};
			name = Release;
		};
		09615D3D1E5A2A680058291E /* Debug */ = {
			isa = XCBuildConfiguration;
			buildSettings = {
				ALWAYS_EMBED_SWIFT_STANDARD_LIBRARIES = YES;
				ASSETCATALOG_COMPILER_APPICON_NAME = AppIcon;
				CODE_SIGN_ENTITLEMENTS = SourceKittenEditorExtensionApp/SourceKittenEditorExtensionApp.entitlements;
				CODE_SIGN_IDENTITY = "Mac Developer";
				COMBINE_HIDPI_IMAGES = YES;
				DEVELOPMENT_TEAM = 4LTD6LARKC;
				FRAMEWORK_SEARCH_PATHS = (
					"$(inherited)",
					"$(PROJECT_DIR)/Carthage/Build/Mac",
				);
				INFOPLIST_FILE = SourceKittenEditorExtensionApp/Info.plist;
				LD_RUNPATH_SEARCH_PATHS = "$(inherited) @executable_path/../Frameworks";
				PRODUCT_BUNDLE_IDENTIFIER = ilya.puchka.SourceKittenEditorExtensionApp;
				PRODUCT_NAME = "$(TARGET_NAME)";
				SWIFT_VERSION = 3.0;
			};
			name = Debug;
		};
		09615D3E1E5A2A680058291E /* Release */ = {
			isa = XCBuildConfiguration;
			buildSettings = {
				ALWAYS_EMBED_SWIFT_STANDARD_LIBRARIES = YES;
				ASSETCATALOG_COMPILER_APPICON_NAME = AppIcon;
				CODE_SIGN_ENTITLEMENTS = SourceKittenEditorExtensionApp/SourceKittenEditorExtensionApp.entitlements;
				CODE_SIGN_IDENTITY = "Mac Developer";
				COMBINE_HIDPI_IMAGES = YES;
				DEVELOPMENT_TEAM = 4LTD6LARKC;
				FRAMEWORK_SEARCH_PATHS = (
					"$(inherited)",
					"$(PROJECT_DIR)/Carthage/Build/Mac",
				);
				INFOPLIST_FILE = SourceKittenEditorExtensionApp/Info.plist;
				LD_RUNPATH_SEARCH_PATHS = "$(inherited) @executable_path/../Frameworks";
				PRODUCT_BUNDLE_IDENTIFIER = ilya.puchka.SourceKittenEditorExtensionApp;
				PRODUCT_NAME = "$(TARGET_NAME)";
				SWIFT_VERSION = 3.0;
			};
			name = Release;
		};
/* End XCBuildConfiguration section */

/* Begin XCConfigurationList section */
		09615CD41E5A25CB0058291E /* Build configuration list for PBXProject "SourceKittenEditorExtension" */ = {
			isa = XCConfigurationList;
			buildConfigurations = (
				09615CE41E5A25CC0058291E /* Debug */,
				09615CE51E5A25CC0058291E /* Release */,
			);
			defaultConfigurationIsVisible = 0;
			defaultConfigurationName = Release;
		};
		09615CFC1E5A26350058291E /* Build configuration list for PBXNativeTarget "SourceKittenEditorExtension" */ = {
			isa = XCConfigurationList;
			buildConfigurations = (
				09615CFD1E5A26350058291E /* Debug */,
				09615CFE1E5A26350058291E /* Release */,
			);
			defaultConfigurationIsVisible = 0;
		};
		09615D101E5A26D90058291E /* Build configuration list for PBXNativeTarget "SourceKittenEditorExtensionService" */ = {
			isa = XCConfigurationList;
			buildConfigurations = (
				09615D111E5A26D90058291E /* Debug */,
				09615D121E5A26D90058291E /* Release */,
			);
			defaultConfigurationIsVisible = 0;
		};
		09615D3C1E5A2A680058291E /* Build configuration list for PBXNativeTarget "SourceKittenEditorExtensionApp" */ = {
			isa = XCConfigurationList;
			buildConfigurations = (
				09615D3D1E5A2A680058291E /* Debug */,
				09615D3E1E5A2A680058291E /* Release */,
			);
			defaultConfigurationIsVisible = 0;
		};
/* End XCConfigurationList section */
	};
	rootObject = 09615CD11E5A25CB0058291E /* Project object */;
}
